
Microsoft Visual Studio Solution File, Format Version 12.00
# Visual Studio 15
VisualStudioVersion = 15.0.28307.168
MinimumVisualStudioVersion = 10.0.40219.1
Project("{FAE04EC0-301F-11D3-BF4B-00C04F79EFBC}") = "SearchSpringUpdate", "SearchSpringUpdate\SearchSpringUpdate.csproj", "{9C1DE0A8-3EB4-4F8B-B15C-201AB760DB5B}"
EndProject
Project("{151D2E53-A2C4-4D7D-83FE-D05416EBD58E}") = "SearchSpringLogicApp", "SearchSpringAzure\SearchSpringLogicApp.deployproj", "{0BE56667-7AA9-430C-B04D-B1C0B1C066C7}"
EndProject
Project("{FAE04EC0-301F-11D3-BF4B-00C04F79EFBC}") = "SearchSpringAzureFunction", "SearchSpringAzureFunction\SearchSpringAzureFunction.csproj", "{09F369E6-6FB9-494B-8A00-0AC255642612}"
EndProject
Global
	GlobalSection(SolutionConfigurationPlatforms) = preSolution
		Debug|Any CPU = Debug|Any CPU
		Release|Any CPU = Release|Any CPU
	EndGlobalSection
	GlobalSection(ProjectConfigurationPlatforms) = postSolution
		{9C1DE0A8-3EB4-4F8B-B15C-201AB760DB5B}.Debug|Any CPU.ActiveCfg = Debug|Any CPU
		{9C1DE0A8-3EB4-4F8B-B15C-201AB760DB5B}.Debug|Any CPU.Build.0 = Debug|Any CPU
		{9C1DE0A8-3EB4-4F8B-B15C-201AB760DB5B}.Release|Any CPU.ActiveCfg = Release|Any CPU
		{9C1DE0A8-3EB4-4F8B-B15C-201AB760DB5B}.Release|Any CPU.Build.0 = Release|Any CPU
		{0BE56667-7AA9-430C-B04D-B1C0B1C066C7}.Debug|Any CPU.ActiveCfg = Debug|Any CPU
		{0BE56667-7AA9-430C-B04D-B1C0B1C066C7}.Debug|Any CPU.Build.0 = Debug|Any CPU
		{0BE56667-7AA9-430C-B04D-B1C0B1C066C7}.Release|Any CPU.ActiveCfg = Release|Any CPU
		{0BE56667-7AA9-430C-B04D-B1C0B1C066C7}.Release|Any CPU.Build.0 = Release|Any CPU
		{09F369E6-6FB9-494B-8A00-0AC255642612}.Debug|Any CPU.ActiveCfg = Debug|Any CPU
		{09F369E6-6FB9-494B-8A00-0AC255642612}.Debug|Any CPU.Build.0 = Debug|Any CPU
		{09F369E6-6FB9-494B-8A00-0AC255642612}.Release|Any CPU.ActiveCfg = Release|Any CPU
		{09F369E6-6FB9-494B-8A00-0AC255642612}.Release|Any CPU.Build.0 = Release|Any CPU
	EndGlobalSection
	GlobalSection(SolutionProperties) = preSolution
		HideSolutionNode = FALSE
	EndGlobalSection
	GlobalSection(ExtensibilityGlobals) = postSolution
		SolutionGuid = {A880347A-D103-4AE7-AC4F-BEBA09F5CB4D}
	EndGlobalSection
EndGlobal
